// !$*UTF8*$!
{
	archiveVersion = 1;
	classes = {
	};
	objectVersion = 56;
	objects = {

/* Begin PBXBuildFile section */
		956BD3FA2C402F64006D9D9F /* JPCountryPickerApp.swift in Sources */ = {isa = PBXBuildFile; fileRef = 956BD3F92C402F64006D9D9F /* JPCountryPickerApp.swift */; };
		956BD3FC2C402F64006D9D9F /* ContentView.swift in Sources */ = {isa = PBXBuildFile; fileRef = 956BD3FB2C402F64006D9D9F /* ContentView.swift */; };
		956BD3FE2C402F66006D9D9F /* Assets.xcassets in Resources */ = {isa = PBXBuildFile; fileRef = 956BD3FD2C402F66006D9D9F /* Assets.xcassets */; };
		956BD4012C402F66006D9D9F /* Preview Assets.xcassets in Resources */ = {isa = PBXBuildFile; fileRef = 956BD4002C402F66006D9D9F /* Preview Assets.xcassets */; };
		956BD4092C402FA4006D9D9F /* Countries.json in Resources */ = {isa = PBXBuildFile; fileRef = 956BD4082C402FA4006D9D9F /* Countries.json */; };
		956BD40D2C402FF1006D9D9F /* Country.swift in Sources */ = {isa = PBXBuildFile; fileRef = 956BD40C2C402FF1006D9D9F /* Country.swift */; };
		956BD4102C4039A4006D9D9F /* CountryListView.swift in Sources */ = {isa = PBXBuildFile; fileRef = 956BD40F2C4039A4006D9D9F /* CountryListView.swift */; };
		956BD4122C4039D4006D9D9F /* CountryItemView.swift in Sources */ = {isa = PBXBuildFile; fileRef = 956BD4112C4039D4006D9D9F /* CountryItemView.swift */; };
/* End PBXBuildFile section */

/* Begin PBXFileReference section */
		956BD3F62C402F64006D9D9F /* JPCountryPicker.app */ = {isa = PBXFileReference; explicitFileType = wrapper.application; includeInIndex = 0; path = JPCountryPicker.app; sourceTree = BUILT_PRODUCTS_DIR; };
		956BD3F92C402F64006D9D9F /* JPCountryPickerApp.swift */ = {isa = PBXFileReference; lastKnownFileType = sourcecode.swift; path = JPCountryPickerApp.swift; sourceTree = "<group>"; };
		956BD3FB2C402F64006D9D9F /* ContentView.swift */ = {isa = PBXFileReference; lastKnownFileType = sourcecode.swift; path = ContentView.swift; sourceTree = "<group>"; };
		956BD3FD2C402F66006D9D9F /* Assets.xcassets */ = {isa = PBXFileReference; lastKnownFileType = folder.assetcatalog; path = Assets.xcassets; sourceTree = "<group>"; };
		956BD4002C402F66006D9D9F /* Preview Assets.xcassets */ = {isa = PBXFileReference; lastKnownFileType = folder.assetcatalog; path = "Preview Assets.xcassets"; sourceTree = "<group>"; };
		956BD4082C402FA4006D9D9F /* Countries.json */ = {isa = PBXFileReference; fileEncoding = 4; lastKnownFileType = text.json; path = Countries.json; sourceTree = "<group>"; };
		956BD40C2C402FF1006D9D9F /* Country.swift */ = {isa = PBXFileReference; lastKnownFileType = sourcecode.swift; path = Country.swift; sourceTree = "<group>"; };
		956BD40F2C4039A4006D9D9F /* CountryListView.swift */ = {isa = PBXFileReference; lastKnownFileType = sourcecode.swift; path = CountryListView.swift; sourceTree = "<group>"; };
		956BD4112C4039D4006D9D9F /* CountryItemView.swift */ = {isa = PBXFileReference; lastKnownFileType = sourcecode.swift; path = CountryItemView.swift; sourceTree = "<group>"; };
/* End PBXFileReference section */

/* Begin PBXFrameworksBuildPhase section */
		956BD3F32C402F64006D9D9F /* Frameworks */ = {
			isa = PBXFrameworksBuildPhase;
			buildActionMask = 2147483647;
			files = (
			);
			runOnlyForDeploymentPostprocessing = 0;
		};
/* End PBXFrameworksBuildPhase section */

/* Begin PBXGroup section */
		956BD3ED2C402F64006D9D9F = {
			isa = PBXGroup;
			children = (
				956BD3F82C402F64006D9D9F /* JPCountryPicker */,
				956BD3F72C402F64006D9D9F /* Products */,
			);
			sourceTree = "<group>";
		};
		956BD3F72C402F64006D9D9F /* Products */ = {
			isa = PBXGroup;
			children = (
				956BD3F62C402F64006D9D9F /* JPCountryPicker.app */,
			);
			name = Products;
			sourceTree = "<group>";
		};
		956BD3F82C402F64006D9D9F /* JPCountryPicker */ = {
			isa = PBXGroup;
			children = (
				956BD40E2C403106006D9D9F /* Application */,
				956BD40B2C402FCB006D9D9F /* Model */,
				956BD3FF2C402F66006D9D9F /* Preview Content */,
				956BD4072C402F8A006D9D9F /* Resources */,
				956BD40A2C402FC4006D9D9F /* Views */,
			);
			path = JPCountryPicker;
			sourceTree = "<group>";
		};
		956BD3FF2C402F66006D9D9F /* Preview Content */ = {
			isa = PBXGroup;
			children = (
				956BD4002C402F66006D9D9F /* Preview Assets.xcassets */,
			);
			path = "Preview Content";
			sourceTree = "<group>";
		};
		956BD4072C402F8A006D9D9F /* Resources */ = {
			isa = PBXGroup;
			children = (
				956BD4082C402FA4006D9D9F /* Countries.json */,
				956BD3FD2C402F66006D9D9F /* Assets.xcassets */,
			);
			path = Resources;
			sourceTree = "<group>";
		};
		956BD40A2C402FC4006D9D9F /* Views */ = {
			isa = PBXGroup;
			children = (
				956BD3FB2C402F64006D9D9F /* ContentView.swift */,
				956BD40F2C4039A4006D9D9F /* CountryListView.swift */,
				956BD4112C4039D4006D9D9F /* CountryItemView.swift */,
			);
			path = Views;
			sourceTree = "<group>";
		};
		956BD40B2C402FCB006D9D9F /* Model */ = {
			isa = PBXGroup;
			children = (
				956BD40C2C402FF1006D9D9F /* Country.swift */,
			);
			path = Model;
			sourceTree = "<group>";
		};
		956BD40E2C403106006D9D9F /* Application */ = {
			isa = PBXGroup;
			children = (
				956BD3F92C402F64006D9D9F /* JPCountryPickerApp.swift */,
			);
			path = Application;
			sourceTree = "<group>";
		};
/* End PBXGroup section */

/* Begin PBXNativeTarget section */
		956BD3F52C402F64006D9D9F /* JPCountryPicker */ = {
			isa = PBXNativeTarget;
			buildConfigurationList = 956BD4042C402F66006D9D9F /* Build configuration list for PBXNativeTarget "JPCountryPicker" */;
			buildPhases = (
				956BD3F22C402F64006D9D9F /* Sources */,
				956BD3F32C402F64006D9D9F /* Frameworks */,
				956BD3F42C402F64006D9D9F /* Resources */,
			);
			buildRules = (
			);
			dependencies = (
			);
			name = JPCountryPicker;
			productName = JPCountryPicker;
			productReference = 956BD3F62C402F64006D9D9F /* JPCountryPicker.app */;
			productType = "com.apple.product-type.application";
		};
/* End PBXNativeTarget section */

/* Begin PBXProject section */
		956BD3EE2C402F64006D9D9F /* Project object */ = {
			isa = PBXProject;
			attributes = {
				BuildIndependentTargetsInParallel = 1;
				LastSwiftUpdateCheck = 1540;
				LastUpgradeCheck = 1540;
				TargetAttributes = {
					956BD3F52C402F64006D9D9F = {
						CreatedOnToolsVersion = 15.4;
					};
				};
			};
			buildConfigurationList = 956BD3F12C402F64006D9D9F /* Build configuration list for PBXProject "JPCountryPicker" */;
			compatibilityVersion = "Xcode 14.0";
			developmentRegion = en;
			hasScannedForEncodings = 0;
			knownRegions = (
				en,
				Base,
			);
			mainGroup = 956BD3ED2C402F64006D9D9F;
			productRefGroup = 956BD3F72C402F64006D9D9F /* Products */;
			projectDirPath = "";
			projectRoot = "";
			targets = (
				956BD3F52C402F64006D9D9F /* JPCountryPicker */,
			);
		};
/* End PBXProject section */

/* Begin PBXResourcesBuildPhase section */
		956BD3F42C402F64006D9D9F /* Resources */ = {
			isa = PBXResourcesBuildPhase;
			buildActionMask = 2147483647;
			files = (
				956BD4092C402FA4006D9D9F /* Countries.json in Resources */,
				956BD4012C402F66006D9D9F /* Preview Assets.xcassets in Resources */,
				956BD3FE2C402F66006D9D9F /* Assets.xcassets in Resources */,
			);
			runOnlyForDeploymentPostprocessing = 0;
		};
/* End PBXResourcesBuildPhase section */

/* Begin PBXSourcesBuildPhase section */
		956BD3F22C402F64006D9D9F /* Sources */ = {
			isa = PBXSourcesBuildPhase;
			buildActionMask = 2147483647;
			files = (
				956BD3FC2C402F64006D9D9F /* ContentView.swift in Sources */,
				956BD40D2C402FF1006D9D9F /* Country.swift in Sources */,
				956BD4122C4039D4006D9D9F /* CountryItemView.swift in Sources */,
				956BD3FA2C402F64006D9D9F /* JPCountryPickerApp.swift in Sources */,
				956BD4102C4039A4006D9D9F /* CountryListView.swift in Sources */,
			);
			runOnlyForDeploymentPostprocessing = 0;
		};
/* End PBXSourcesBuildPhase section */

/* Begin XCBuildConfiguration section */
		956BD4022C402F66006D9D9F /* Debug */ = {
			isa = XCBuildConfiguration;
			buildSettings = {
				ALWAYS_SEARCH_USER_PATHS = NO;
				ASSETCATALOG_COMPILER_GENERATE_SWIFT_ASSET_SYMBOL_EXTENSIONS = YES;
				CLANG_ANALYZER_NONNULL = YES;
				CLANG_ANALYZER_NUMBER_OBJECT_CONVERSION = YES_AGGRESSIVE;
				CLANG_CXX_LANGUAGE_STANDARD = "gnu++20";
				CLANG_ENABLE_MODULES = YES;
				CLANG_ENABLE_OBJC_ARC = YES;
				CLANG_ENABLE_OBJC_WEAK = YES;
				CLANG_WARN_BLOCK_CAPTURE_AUTORELEASING = YES;
				CLANG_WARN_BOOL_CONVERSION = YES;
				CLANG_WARN_COMMA = YES;
				CLANG_WARN_CONSTANT_CONVERSION = YES;
				CLANG_WARN_DEPRECATED_OBJC_IMPLEMENTATIONS = YES;
				CLANG_WARN_DIRECT_OBJC_ISA_USAGE = YES_ERROR;
				CLANG_WARN_DOCUMENTATION_COMMENTS = YES;
				CLANG_WARN_EMPTY_BODY = YES;
				CLANG_WARN_ENUM_CONVERSION = YES;
				CLANG_WARN_INFINITE_RECURSION = YES;
				CLANG_WARN_INT_CONVERSION = YES;
				CLANG_WARN_NON_LITERAL_NULL_CONVERSION = YES;
				CLANG_WARN_OBJC_IMPLICIT_RETAIN_SELF = YES;
				CLANG_WARN_OBJC_LITERAL_CONVERSION = YES;
				CLANG_WARN_OBJC_ROOT_CLASS = YES_ERROR;
				CLANG_WARN_QUOTED_INCLUDE_IN_FRAMEWORK_HEADER = YES;
				CLANG_WARN_RANGE_LOOP_ANALYSIS = YES;
				CLANG_WARN_STRICT_PROTOTYPES = YES;
				CLANG_WARN_SUSPICIOUS_MOVE = YES;
				CLANG_WARN_UNGUARDED_AVAILABILITY = YES_AGGRESSIVE;
				CLANG_WARN_UNREACHABLE_CODE = YES;
				CLANG_WARN__DUPLICATE_METHOD_MATCH = YES;
				COPY_PHASE_STRIP = NO;
				DEBUG_INFORMATION_FORMAT = dwarf;
				ENABLE_STRICT_OBJC_MSGSEND = YES;
				ENABLE_TESTABILITY = YES;
				ENABLE_USER_SCRIPT_SANDBOXING = YES;
				GCC_C_LANGUAGE_STANDARD = gnu17;
				GCC_DYNAMIC_NO_PIC = NO;
				GCC_NO_COMMON_BLOCKS = YES;
				GCC_OPTIMIZATION_LEVEL = 0;
				GCC_PREPROCESSOR_DEFINITIONS = (
					"DEBUG=1",
					"$(inherited)",
				);
				GCC_WARN_64_TO_32_BIT_CONVERSION = YES;
				GCC_WARN_ABOUT_RETURN_TYPE = YES_ERROR;
				GCC_WARN_UNDECLARED_SELECTOR = YES;
				GCC_WARN_UNINITIALIZED_AUTOS = YES_AGGRESSIVE;
				GCC_WARN_UNUSED_FUNCTION = YES;
				GCC_WARN_UNUSED_VARIABLE = YES;
				IPHONEOS_DEPLOYMENT_TARGET = 17.5;
				LOCALIZATION_PREFERS_STRING_CATALOGS = YES;
				MTL_ENABLE_DEBUG_INFO = INCLUDE_SOURCE;
				MTL_FAST_MATH = YES;
				ONLY_ACTIVE_ARCH = YES;
				SDKROOT = iphoneos;
				SWIFT_ACTIVE_COMPILATION_CONDITIONS = "DEBUG $(inherited)";
				SWIFT_OPTIMIZATION_LEVEL = "-Onone";
			};
			name = Debug;
		};
		956BD4032C402F66006D9D9F /* Release */ = {
			isa = XCBuildConfiguration;
			buildSettings = {
				ALWAYS_SEARCH_USER_PATHS = NO;
				ASSETCATALOG_COMPILER_GENERATE_SWIFT_ASSET_SYMBOL_EXTENSIONS = YES;
				CLANG_ANALYZER_NONNULL = YES;
				CLANG_ANALYZER_NUMBER_OBJECT_CONVERSION = YES_AGGRESSIVE;
				CLANG_CXX_LANGUAGE_STANDARD = "gnu++20";
				CLANG_ENABLE_MODULES = YES;
				CLANG_ENABLE_OBJC_ARC = YES;
				CLANG_ENABLE_OBJC_WEAK = YES;
				CLANG_WARN_BLOCK_CAPTURE_AUTORELEASING = YES;
				CLANG_WARN_BOOL_CONVERSION = YES;
				CLANG_WARN_COMMA = YES;
				CLANG_WARN_CONSTANT_CONVERSION = YES;
				CLANG_WARN_DEPRECATED_OBJC_IMPLEMENTATIONS = YES;
				CLANG_WARN_DIRECT_OBJC_ISA_USAGE = YES_ERROR;
				CLANG_WARN_DOCUMENTATION_COMMENTS = YES;
				CLANG_WARN_EMPTY_BODY = YES;
				CLANG_WARN_ENUM_CONVERSION = YES;
				CLANG_WARN_INFINITE_RECURSION = YES;
				CLANG_WARN_INT_CONVERSION = YES;
				CLANG_WARN_NON_LITERAL_NULL_CONVERSION = YES;
				CLANG_WARN_OBJC_IMPLICIT_RETAIN_SELF = YES;
				CLANG_WARN_OBJC_LITERAL_CONVERSION = YES;
				CLANG_WARN_OBJC_ROOT_CLASS = YES_ERROR;
				CLANG_WARN_QUOTED_INCLUDE_IN_FRAMEWORK_HEADER = YES;
				CLANG_WARN_RANGE_LOOP_ANALYSIS = YES;
				CLANG_WARN_STRICT_PROTOTYPES = YES;
				CLANG_WARN_SUSPICIOUS_MOVE = YES;
				CLANG_WARN_UNGUARDED_AVAILABILITY = YES_AGGRESSIVE;
				CLANG_WARN_UNREACHABLE_CODE = YES;
				CLANG_WARN__DUPLICATE_METHOD_MATCH = YES;
				COPY_PHASE_STRIP = NO;
				DEBUG_INFORMATION_FORMAT = "dwarf-with-dsym";
				ENABLE_NS_ASSERTIONS = NO;
				ENABLE_STRICT_OBJC_MSGSEND = YES;
				ENABLE_USER_SCRIPT_SANDBOXING = YES;
				GCC_C_LANGUAGE_STANDARD = gnu17;
				GCC_NO_COMMON_BLOCKS = YES;
				GCC_WARN_64_TO_32_BIT_CONVERSION = YES;
				GCC_WARN_ABOUT_RETURN_TYPE = YES_ERROR;
				GCC_WARN_UNDECLARED_SELECTOR = YES;
				GCC_WARN_UNINITIALIZED_AUTOS = YES_AGGRESSIVE;
				GCC_WARN_UNUSED_FUNCTION = YES;
				GCC_WARN_UNUSED_VARIABLE = YES;
				IPHONEOS_DEPLOYMENT_TARGET = 17.5;
				LOCALIZATION_PREFERS_STRING_CATALOGS = YES;
				MTL_ENABLE_DEBUG_INFO = NO;
				MTL_FAST_MATH = YES;
				SDKROOT = iphoneos;
				SWIFT_COMPILATION_MODE = wholemodule;
				VALIDATE_PRODUCT = YES;
			};
			name = Release;
		};
		956BD4052C402F66006D9D9F /* Debug */ = {
			isa = XCBuildConfiguration;
			buildSettings = {
				ASSETCATALOG_COMPILER_APPICON_NAME = AppIcon;
				ASSETCATALOG_COMPILER_GLOBAL_ACCENT_COLOR_NAME = AccentColor;
				CODE_SIGN_STYLE = Automatic;
				CURRENT_PROJECT_VERSION = 1;
				DEVELOPMENT_ASSET_PATHS = "\"JPCountryPicker/Preview Content\"";
				ENABLE_PREVIEWS = YES;
				GENERATE_INFOPLIST_FILE = YES;
				INFOPLIST_KEY_UIApplicationSceneManifest_Generation = YES;
				INFOPLIST_KEY_UIApplicationSupportsIndirectInputEvents = YES;
				INFOPLIST_KEY_UILaunchScreen_Generation = YES;
				INFOPLIST_KEY_UISupportedInterfaceOrientations_iPad = "UIInterfaceOrientationPortrait UIInterfaceOrientationPortraitUpsideDown UIInterfaceOrientationLandscapeLeft UIInterfaceOrientationLandscapeRight";
				INFOPLIST_KEY_UISupportedInterfaceOrientations_iPhone = "UIInterfaceOrientationPortrait UIInterfaceOrientationLandscapeLeft UIInterfaceOrientationLandscapeRight";
				LD_RUNPATH_SEARCH_PATHS = (
					"$(inherited)",
					"@executable_path/Frameworks",
				);
				MARKETING_VERSION = 1.0;
				PRODUCT_BUNDLE_IDENTIFIER = com.org.JPCountryPicker;
				PRODUCT_NAME = "$(TARGET_NAME)";
				SWIFT_EMIT_LOC_STRINGS = YES;
				SWIFT_VERSION = 5.0;
				TARGETED_DEVICE_FAMILY = "1,2";
			};
			name = Debug;
		};
		956BD4062C402F66006D9D9F /* Release */ = {
			isa = XCBuildConfiguration;
			buildSettings = {
				ASSETCATALOG_COMPILER_APPICON_NAME = AppIcon;
				ASSETCATALOG_COMPILER_GLOBAL_ACCENT_COLOR_NAME = AccentColor;
				CODE_SIGN_STYLE = Automatic;
				CURRENT_PROJECT_VERSION = 1;
				DEVELOPMENT_ASSET_PATHS = "\"JPCountryPicker/Preview Content\"";
				ENABLE_PREVIEWS = YES;
				GENERATE_INFOPLIST_FILE = YES;
				INFOPLIST_KEY_UIApplicationSceneManifest_Generation = YES;
				INFOPLIST_KEY_UIApplicationSupportsIndirectInputEvents = YES;
				INFOPLIST_KEY_UILaunchScreen_Generation = YES;
				INFOPLIST_KEY_UISupportedInterfaceOrientations_iPad = "UIInterfaceOrientationPortrait UIInterfaceOrientationPortraitUpsideDown UIInterfaceOrientationLandscapeLeft UIInterfaceOrientationLandscapeRight";
				INFOPLIST_KEY_UISupportedInterfaceOrientations_iPhone = "UIInterfaceOrientationPortrait UIInterfaceOrientationLandscapeLeft UIInterfaceOrientationLandscapeRight";
				LD_RUNPATH_SEARCH_PATHS = (
					"$(inherited)",
					"@executable_path/Frameworks",
				);
				MARKETING_VERSION = 1.0;
				PRODUCT_BUNDLE_IDENTIFIER = com.org.JPCountryPicker;
				PRODUCT_NAME = "$(TARGET_NAME)";
				SWIFT_EMIT_LOC_STRINGS = YES;
				SWIFT_VERSION = 5.0;
				TARGETED_DEVICE_FAMILY = "1,2";
			};
			name = Release;
		};
/* End XCBuildConfiguration section */

/* Begin XCConfigurationList section */
		956BD3F12C402F64006D9D9F /* Build configuration list for PBXProject "JPCountryPicker" */ = {
			isa = XCConfigurationList;
			buildConfigurations = (
				956BD4022C402F66006D9D9F /* Debug */,
				956BD4032C402F66006D9D9F /* Release */,
			);
			defaultConfigurationIsVisible = 0;
			defaultConfigurationName = Release;
		};
		956BD4042C402F66006D9D9F /* Build configuration list for PBXNativeTarget "JPCountryPicker" */ = {
			isa = XCConfigurationList;
			buildConfigurations = (
				956BD4052C402F66006D9D9F /* Debug */,
				956BD4062C402F66006D9D9F /* Release */,
			);
			defaultConfigurationIsVisible = 0;
			defaultConfigurationName = Release;
		};
/* End XCConfigurationList section */
	};
	rootObject = 956BD3EE2C402F64006D9D9F /* Project object */;
}
